
Microsoft Visual Studio Solution File, Format Version 12.00
# Visual Studio 15
VisualStudioVersion = 15.0.27004.2005
MinimumVisualStudioVersion = 10.0.40219.1
Project("{9A19103F-16F7-4668-BE54-9A1E7A4F7556}") = "Microsoft.Demos.FileSharingService.API", "Microsoft.Demos.FileSharingService.API\Microsoft.Demos.FileSharingService.API.csproj", "{9DFF55B1-8773-47E2-80E6-0D15EA31436F}"
EndProject
Project("{151D2E53-A2C4-4D7D-83FE-D05416EBD58E}") = "Microsoft.Demos.FileSharingService.ARM", "Microsoft.Demos.FileSharingService.ARM\Microsoft.Demos.FileSharingService.ARM.deployproj", "{7B2CB256-373C-462A-89FE-10D81BBB29B0}"
EndProject
Project("{9A19103F-16F7-4668-BE54-9A1E7A4F7556}") = "Microsoft.Demos.FileSharingService.API.Tests", "Microsoft.Demos.FileSharingService.API.Tests\Microsoft.Demos.FileSharingService.API.Tests.csproj", "{94D0283C-DE64-4881-BE72-34269565B52A}"
EndProject
Global
	GlobalSection(SolutionConfigurationPlatforms) = preSolution
		Debug|Any CPU = Debug|Any CPU
		Release|Any CPU = Release|Any CPU
	EndGlobalSection
	GlobalSection(ProjectConfigurationPlatforms) = postSolution
		{9DFF55B1-8773-47E2-80E6-0D15EA31436F}.Debug|Any CPU.ActiveCfg = Debug|Any CPU
		{9DFF55B1-8773-47E2-80E6-0D15EA31436F}.Debug|Any CPU.Build.0 = Debug|Any CPU
		{9DFF55B1-8773-47E2-80E6-0D15EA31436F}.Release|Any CPU.ActiveCfg = Release|Any CPU
		{9DFF55B1-8773-47E2-80E6-0D15EA31436F}.Release|Any CPU.Build.0 = Release|Any CPU
		{7B2CB256-373C-462A-89FE-10D81BBB29B0}.Debug|Any CPU.ActiveCfg = Debug|Any CPU
		{7B2CB256-373C-462A-89FE-10D81BBB29B0}.Debug|Any CPU.Build.0 = Debug|Any CPU
		{7B2CB256-373C-462A-89FE-10D81BBB29B0}.Release|Any CPU.ActiveCfg = Release|Any CPU
		{7B2CB256-373C-462A-89FE-10D81BBB29B0}.Release|Any CPU.Build.0 = Release|Any CPU
		{94D0283C-DE64-4881-BE72-34269565B52A}.Debug|Any CPU.ActiveCfg = Debug|Any CPU
		{94D0283C-DE64-4881-BE72-34269565B52A}.Debug|Any CPU.Build.0 = Debug|Any CPU
		{94D0283C-DE64-4881-BE72-34269565B52A}.Release|Any CPU.ActiveCfg = Release|Any CPU
		{94D0283C-DE64-4881-BE72-34269565B52A}.Release|Any CPU.Build.0 = Release|Any CPU
	EndGlobalSection
	GlobalSection(SolutionProperties) = preSolution
		HideSolutionNode = FALSE
	EndGlobalSection
	GlobalSection(ExtensibilityGlobals) = postSolution
		SolutionGuid = {2131253F-2CFA-4C24-AFBF-9C1753BE45C3}
	EndGlobalSection
EndGlobal
